
Microsoft Visual Studio Solution File, Format Version 12.00
# Visual Studio 2012
Project("{FAE04EC0-301F-11D3-BF4B-00C04F79EFBC}") = "WolfvsSheep", "WolfvsSheep.csproj", "{DC389C3D-BFBD-4595-8BCD-606C76E63F6C}"
EndProject
Global
	GlobalSection(SolutionConfigurationPlatforms) = preSolution
		Debug|Any CPU = Debug|Any CPU
		Release|Any CPU = Release|Any CPU
	EndGlobalSection
	GlobalSection(ProjectConfigurationPlatforms) = postSolution
		{DC389C3D-BFBD-4595-8BCD-606C76E63F6C}.Debug|Any CPU.ActiveCfg = Debug|Any CPU
		{DC389C3D-BFBD-4595-8BCD-606C76E63F6C}.Debug|Any CPU.Build.0 = Debug|Any CPU
		{DC389C3D-BFBD-4595-8BCD-606C76E63F6C}.Release|Any CPU.ActiveCfg = Release|Any CPU
		{DC389C3D-BFBD-4595-8BCD-606C76E63F6C}.Release|Any CPU.Build.0 = Release|Any CPU
	EndGlobalSection
	GlobalSection(SolutionProperties) = preSolution
		HideSolutionNode = FALSE
	EndGlobalSection
EndGlobal
